
Microsoft Visual Studio Solution File, Format Version 12.00
# Visual Studio 14
VisualStudioVersion = 14.0.25123.0
MinimumVisualStudioVersion = 10.0.40219.1
Project("{FAE04EC0-301F-11D3-BF4B-00C04F79EFBC}") = "Updater_console", "src\Updater_console\Updater_console.csproj", "{CE2F1D01-5CE5-4438-97CC-4FA1D2F027F9}"
EndProject
Global
	GlobalSection(SolutionConfigurationPlatforms) = preSolution
		Debug|Any CPU = Debug|Any CPU
		Release|Any CPU = Release|Any CPU
	EndGlobalSection
	GlobalSection(ProjectConfigurationPlatforms) = postSolution
		{CE2F1D01-5CE5-4438-97CC-4FA1D2F027F9}.Debug|Any CPU.ActiveCfg = Debug|Any CPU
		{CE2F1D01-5CE5-4438-97CC-4FA1D2F027F9}.Debug|Any CPU.Build.0 = Debug|Any CPU
		{CE2F1D01-5CE5-4438-97CC-4FA1D2F027F9}.Release|Any CPU.ActiveCfg = Release|Any CPU
		{CE2F1D01-5CE5-4438-97CC-4FA1D2F027F9}.Release|Any CPU.Build.0 = Release|Any CPU
	EndGlobalSection
	GlobalSection(SolutionProperties) = preSolution
		HideSolutionNode = FALSE
	EndGlobalSection
EndGlobal
